
Microsoft Visual Studio Solution File, Format Version 12.00
# Visual Studio 15
VisualStudioVersion = 15.0.27130.2026
MinimumVisualStudioVersion = 10.0.40219.1
Project("{FAE04EC0-301F-11D3-BF4B-00C04F79EFBC}") = "ANTToDo.Core", "ANTToDo.Core\ANTToDo.Core.csproj", "{292D62AA-D78F-49CC-B0A7-45536694FED9}"
EndProject
Project("{FAE04EC0-301F-11D3-BF4B-00C04F79EFBC}") = "ANTToDo.Droid", "ANTToDo.Droid\ANTToDo.Droid.csproj", "{03809A49-A588-4051-856E-DE18113B6723}"
EndProject
Global
	GlobalSection(SolutionConfigurationPlatforms) = preSolution
		Debug|Any CPU = Debug|Any CPU
		Release|Any CPU = Release|Any CPU
	EndGlobalSection
	GlobalSection(ProjectConfigurationPlatforms) = postSolution
		{292D62AA-D78F-49CC-B0A7-45536694FED9}.Debug|Any CPU.ActiveCfg = Debug|Any CPU
		{292D62AA-D78F-49CC-B0A7-45536694FED9}.Debug|Any CPU.Build.0 = Debug|Any CPU
		{292D62AA-D78F-49CC-B0A7-45536694FED9}.Release|Any CPU.ActiveCfg = Release|Any CPU
		{292D62AA-D78F-49CC-B0A7-45536694FED9}.Release|Any CPU.Build.0 = Release|Any CPU
		{03809A49-A588-4051-856E-DE18113B6723}.Debug|Any CPU.ActiveCfg = Debug|Any CPU
		{03809A49-A588-4051-856E-DE18113B6723}.Debug|Any CPU.Build.0 = Debug|Any CPU
		{03809A49-A588-4051-856E-DE18113B6723}.Debug|Any CPU.Deploy.0 = Debug|Any CPU
		{03809A49-A588-4051-856E-DE18113B6723}.Release|Any CPU.ActiveCfg = Release|Any CPU
		{03809A49-A588-4051-856E-DE18113B6723}.Release|Any CPU.Build.0 = Release|Any CPU
		{03809A49-A588-4051-856E-DE18113B6723}.Release|Any CPU.Deploy.0 = Release|Any CPU
	EndGlobalSection
	GlobalSection(SolutionProperties) = preSolution
		HideSolutionNode = FALSE
	EndGlobalSection
	GlobalSection(ExtensibilityGlobals) = postSolution
		SolutionGuid = {BC8A61B0-7E7D-4890-B22B-F88446056741}
	EndGlobalSection
EndGlobal
